// !$*UTF8*$!
{
	archiveVersion = 1;
	classes = {
	};
	objectVersion = 46;
	objects = {

/* Begin PBXBuildFile section */
		2E02968A1B018134005ABADF /* A_TaskHelper.h in Headers */ = {isa = PBXBuildFile; fileRef = 2E0296881B018134005ABADF /* A_TaskHelper.h */; settings = {ATTRIBUTES = (Public, ); }; };
		2E02968B1B018134005ABADF /* A_TaskHelper.m in Sources */ = {isa = PBXBuildFile; fileRef = 2E0296891B018134005ABADF /* A_TaskHelper.m */; };
		2E02F9A01A4B6D4C00F4EBDE /* A_Datetime.h in Headers */ = {isa = PBXBuildFile; fileRef = 2E02F99E1A4B6D4C00F4EBDE /* A_Datetime.h */; settings = {ATTRIBUTES = (Public, ); }; };
		2E02F9A11A4B6D4C00F4EBDE /* A_Datetime.m in Sources */ = {isa = PBXBuildFile; fileRef = 2E02F99F1A4B6D4C00F4EBDE /* A_Datetime.m */; };
		2E0FD8851AB558FF00C1B828 /* NSString+A_Extension.h in Headers */ = {isa = PBXBuildFile; fileRef = 2E0FD8831AB558FF00C1B828 /* NSString+A_Extension.h */; settings = {ATTRIBUTES = (Public, ); }; };
		2E0FD8861AB558FF00C1B828 /* NSString+A_Extension.m in Sources */ = {isa = PBXBuildFile; fileRef = 2E0FD8841AB558FF00C1B828 /* NSString+A_Extension.m */; };
		2E0FD8891AB561AC00C1B828 /* NSDictionary+A_Extension.h in Headers */ = {isa = PBXBuildFile; fileRef = 2E0FD8871AB561AC00C1B828 /* NSDictionary+A_Extension.h */; settings = {ATTRIBUTES = (Public, ); }; };
		2E0FD88A1AB561AC00C1B828 /* NSDictionary+A_Extension.m in Sources */ = {isa = PBXBuildFile; fileRef = 2E0FD8881AB561AC00C1B828 /* NSDictionary+A_Extension.m */; };
		2E0FD88D1AB561C700C1B828 /* NSArray+A_Extension.h in Headers */ = {isa = PBXBuildFile; fileRef = 2E0FD88B1AB561C700C1B828 /* NSArray+A_Extension.h */; settings = {ATTRIBUTES = (Public, ); }; };
		2E0FD88E1AB561C700C1B828 /* NSArray+A_Extension.m in Sources */ = {isa = PBXBuildFile; fileRef = 2E0FD88C1AB561C700C1B828 /* NSArray+A_Extension.m */; };
		2E11878D1A3750770080FFB9 /* A_IOSHelper.h in Headers */ = {isa = PBXBuildFile; fileRef = 2E11878C1A3750770080FFB9 /* A_IOSHelper.h */; settings = {ATTRIBUTES = (Public, ); }; };
		2E1187C31A37518F0080FFB9 /* A_JSONHelper.h in Headers */ = {isa = PBXBuildFile; fileRef = 2E1187A71A37518F0080FFB9 /* A_JSONHelper.h */; settings = {ATTRIBUTES = (Public, ); }; };
		2E1187C41A37518F0080FFB9 /* A_JSONHelper.m in Sources */ = {isa = PBXBuildFile; fileRef = 2E1187A81A37518F0080FFB9 /* A_JSONHelper.m */; };
		2E1187C51A37518F0080FFB9 /* A_RESTRequest.h in Headers */ = {isa = PBXBuildFile; fileRef = 2E1187AA1A37518F0080FFB9 /* A_RESTRequest.h */; settings = {ATTRIBUTES = (Public, ); }; };
		2E1187C61A37518F0080FFB9 /* A_RESTRequest.m in Sources */ = {isa = PBXBuildFile; fileRef = 2E1187AB1A37518F0080FFB9 /* A_RESTRequest.m */; };
		2E1187C71A37518F0080FFB9 /* A_ColorHelper.h in Headers */ = {isa = PBXBuildFile; fileRef = 2E1187AD1A37518F0080FFB9 /* A_ColorHelper.h */; settings = {ATTRIBUTES = (Public, ); }; };
		2E1187C81A37518F0080FFB9 /* A_ColorHelper.m in Sources */ = {isa = PBXBuildFile; fileRef = 2E1187AE1A37518F0080FFB9 /* A_ColorHelper.m */; };
		2E1187C91A37518F0080FFB9 /* A_DeviceHelper.h in Headers */ = {isa = PBXBuildFile; fileRef = 2E1187B01A37518F0080FFB9 /* A_DeviceHelper.h */; settings = {ATTRIBUTES = (Public, ); }; };
		2E1187CA1A37518F0080FFB9 /* A_DeviceHelper.m in Sources */ = {isa = PBXBuildFile; fileRef = 2E1187B11A37518F0080FFB9 /* A_DeviceHelper.m */; };
		2E1187CB1A37518F0080FFB9 /* A_HtmlHelper.h in Headers */ = {isa = PBXBuildFile; fileRef = 2E1187B31A37518F0080FFB9 /* A_HtmlHelper.h */; settings = {ATTRIBUTES = (Public, ); }; };
		2E1187CC1A37518F0080FFB9 /* A_HtmlHelper.m in Sources */ = {isa = PBXBuildFile; fileRef = 2E1187B41A37518F0080FFB9 /* A_HtmlHelper.m */; };
		2E1187CD1A37518F0080FFB9 /* A_ImageHelper.h in Headers */ = {isa = PBXBuildFile; fileRef = 2E1187B61A37518F0080FFB9 /* A_ImageHelper.h */; settings = {ATTRIBUTES = (Public, ); }; };
		2E1187CE1A37518F0080FFB9 /* A_ImageHelper.m in Sources */ = {isa = PBXBuildFile; fileRef = 2E1187B71A37518F0080FFB9 /* A_ImageHelper.m */; };
		2E1187D11A37518F0080FFB9 /* A_PlistHelper.h in Headers */ = {isa = PBXBuildFile; fileRef = 2E1187BC1A37518F0080FFB9 /* A_PlistHelper.h */; settings = {ATTRIBUTES = (Public, ); }; };
		2E1187D21A37518F0080FFB9 /* A_PlistHelper.m in Sources */ = {isa = PBXBuildFile; fileRef = 2E1187BD1A37518F0080FFB9 /* A_PlistHelper.m */; };
		2E1187D31A37518F0080FFB9 /* A_StringHelper.h in Headers */ = {isa = PBXBuildFile; fileRef = 2E1187BF1A37518F0080FFB9 /* A_StringHelper.h */; settings = {ATTRIBUTES = (Public, ); }; };
		2E1187D41A37518F0080FFB9 /* A_StringHelper.m in Sources */ = {isa = PBXBuildFile; fileRef = 2E1187C01A37518F0080FFB9 /* A_StringHelper.m */; };
		2E1C1B0C1ABDE429008E30B2 /* A_SqliteManager.h in Headers */ = {isa = PBXBuildFile; fileRef = 2E1C1B0A1ABDE429008E30B2 /* A_SqliteManager.h */; settings = {ATTRIBUTES = (Public, ); }; };
		2E1C1B0D1ABDE429008E30B2 /* A_SqliteManager.m in Sources */ = {isa = PBXBuildFile; fileRef = 2E1C1B0B1ABDE429008E30B2 /* A_SqliteManager.m */; };
		2E2E9DC61B143CBC001B3AB4 /* UIImageView+A_Extension.h in Headers */ = {isa = PBXBuildFile; fileRef = 2E2E9DC41B143CBC001B3AB4 /* UIImageView+A_Extension.h */; settings = {ATTRIBUTES = (Public, ); }; };
		2E2E9DC71B143CBC001B3AB4 /* UIImageView+A_Extension.m in Sources */ = {isa = PBXBuildFile; fileRef = 2E2E9DC51B143CBC001B3AB4 /* UIImageView+A_Extension.m */; };
		2E3830301AE8817400DFF0F4 /* StoreTests.m in Sources */ = {isa = PBXBuildFile; fileRef = 2E38302F1AE8817400DFF0F4 /* StoreTests.m */; };
		2E3A8D541AADEF4B00D3A833 /* A_IOSHelper.framework in Frameworks */ = {isa = PBXBuildFile; fileRef = 2E1187871A3750770080FFB9 /* A_IOSHelper.framework */; };
		2E3A8D601AADF0BB00D3A833 /* DataModelTests.m in Sources */ = {isa = PBXBuildFile; fileRef = 2E3A8D5F1AADF0BB00D3A833 /* DataModelTests.m */; };
		2E3A8D631AADF19C00D3A833 /* TestDataModel.m in Sources */ = {isa = PBXBuildFile; fileRef = 2E3A8D621AADF19C00D3A833 /* TestDataModel.m */; };
		2E3A8D6B1AAE58D100D3A833 /* TaskTests.m in Sources */ = {isa = PBXBuildFile; fileRef = 2E3A8D6A1AAE58D100D3A833 /* TaskTests.m */; };
		2E61F5391B122C27004DE7B2 /* NSMutableArray+A_Extension.h in Headers */ = {isa = PBXBuildFile; fileRef = 2E61F5371B122C27004DE7B2 /* NSMutableArray+A_Extension.h */; settings = {ATTRIBUTES = (Public, ); }; };
		2E61F53A1B122C27004DE7B2 /* NSMutableArray+A_Extension.m in Sources */ = {isa = PBXBuildFile; fileRef = 2E61F5381B122C27004DE7B2 /* NSMutableArray+A_Extension.m */; };
		2E61F53D1B126FF7004DE7B2 /* NSMutableDictionary+A_Extension.h in Headers */ = {isa = PBXBuildFile; fileRef = 2E61F53B1B126FF7004DE7B2 /* NSMutableDictionary+A_Extension.h */; settings = {ATTRIBUTES = (Public, ); }; };
		2E61F53E1B126FF7004DE7B2 /* NSMutableDictionary+A_Extension.m in Sources */ = {isa = PBXBuildFile; fileRef = 2E61F53C1B126FF7004DE7B2 /* NSMutableDictionary+A_Extension.m */; };
		2E61F5401B12710E004DE7B2 /* CollectionTests.m in Sources */ = {isa = PBXBuildFile; fileRef = 2E61F53F1B12710E004DE7B2 /* CollectionTests.m */; };
		2E61F5421B137A58004DE7B2 /* ColorAndImageTests.m in Sources */ = {isa = PBXBuildFile; fileRef = 2E61F5411B137A58004DE7B2 /* ColorAndImageTests.m */; };
		2EB099DF1AB367D500D6DBDC /* NSDate+A_Extension.h in Headers */ = {isa = PBXBuildFile; fileRef = 2EB099DD1AB367D500D6DBDC /* NSDate+A_Extension.h */; settings = {ATTRIBUTES = (Public, ); }; };
		2EB099E01AB367D500D6DBDC /* NSDate+A_Extension.m in Sources */ = {isa = PBXBuildFile; fileRef = 2EB099DE1AB367D500D6DBDC /* NSDate+A_Extension.m */; };
		2EB2EAC51A38DAB500946C51 /* A_Animation.h in Headers */ = {isa = PBXBuildFile; fileRef = 2EB2EAC31A38DAB500946C51 /* A_Animation.h */; settings = {ATTRIBUTES = (Public, ); }; };
		2EB2EAC61A38DAB500946C51 /* A_Animation.m in Sources */ = {isa = PBXBuildFile; fileRef = 2EB2EAC41A38DAB500946C51 /* A_Animation.m */; };
		2EC4940C1B05B67900B9E8E2 /* NSObject+A_KVO_Extension.h in Headers */ = {isa = PBXBuildFile; fileRef = 2EC4940A1B05B67900B9E8E2 /* NSObject+A_KVO_Extension.h */; settings = {ATTRIBUTES = (Public, ); }; };
		2EC4940D1B05B67900B9E8E2 /* NSObject+A_KVO_Extension.m in Sources */ = {isa = PBXBuildFile; fileRef = 2EC4940B1B05B67900B9E8E2 /* NSObject+A_KVO_Extension.m */; };
		2EC494101B06569900B9E8E2 /* KVOTests.m in Sources */ = {isa = PBXBuildFile; fileRef = 2EC4940F1B06569900B9E8E2 /* KVOTests.m */; };
		2ECD550D1AB0D334000E9802 /* UIControl+A_Extension.h in Headers */ = {isa = PBXBuildFile; fileRef = 2ECD550B1AB0D334000E9802 /* UIControl+A_Extension.h */; settings = {ATTRIBUTES = (Public, ); }; };
		2ECD550E1AB0D334000E9802 /* UIControl+A_Extension.m in Sources */ = {isa = PBXBuildFile; fileRef = 2ECD550C1AB0D334000E9802 /* UIControl+A_Extension.m */; };
		2ED75EA11ABA359700B0FB5F /* UIImage+A_Extension.h in Headers */ = {isa = PBXBuildFile; fileRef = 2ED75E9F1ABA359700B0FB5F /* UIImage+A_Extension.h */; settings = {ATTRIBUTES = (Public, ); }; };
		2ED75EA21ABA359700B0FB5F /* UIImage+A_Extension.m in Sources */ = {isa = PBXBuildFile; fileRef = 2ED75EA01ABA359700B0FB5F /* UIImage+A_Extension.m */; };
		2ED75EA91ABB69DE00B0FB5F /* UIColor+A_Extension.h in Headers */ = {isa = PBXBuildFile; fileRef = 2ED75EA71ABB69DE00B0FB5F /* UIColor+A_Extension.h */; settings = {ATTRIBUTES = (Public, ); }; };
		2ED75EAA1ABB69DE00B0FB5F /* UIColor+A_Extension.m in Sources */ = {isa = PBXBuildFile; fileRef = 2ED75EA81ABB69DE00B0FB5F /* UIColor+A_Extension.m */; };
		2ED875E61A9A9CFE00D0D62E /* A_DataModel.h in Headers */ = {isa = PBXBuildFile; fileRef = 2ED875E41A9A9CFE00D0D62E /* A_DataModel.h */; settings = {ATTRIBUTES = (Public, ); }; };
		2ED875E71A9A9CFE00D0D62E /* A_DataModel.m in Sources */ = {isa = PBXBuildFile; fileRef = 2ED875E51A9A9CFE00D0D62E /* A_DataModel.m */; };
		2ED875EC1A9AA1C400D0D62E /* A_Reflection.h in Headers */ = {isa = PBXBuildFile; fileRef = 2ED875EA1A9AA1C400D0D62E /* A_Reflection.h */; settings = {ATTRIBUTES = (Public, ); }; };
		2ED875ED1A9AA1C400D0D62E /* A_Reflection.m in Sources */ = {isa = PBXBuildFile; fileRef = 2ED875EB1A9AA1C400D0D62E /* A_Reflection.m */; };
		691B4D2A1B3D88F000B96C25 /* A_AnimationKeyframeProvider.h in Headers */ = {isa = PBXBuildFile; fileRef = 691B4D281B3D88EF00B96C25 /* A_AnimationKeyframeProvider.h */; settings = {ATTRIBUTES = (Public, ); }; };
		691B4D2B1B3D88F000B96C25 /* A_AnimationKeyframeProvider.m in Sources */ = {isa = PBXBuildFile; fileRef = 691B4D291B3D88F000B96C25 /* A_AnimationKeyframeProvider.m */; };
		691B4D2E1B3D898400B96C25 /* A_AnimationEnumeration.h in Headers */ = {isa = PBXBuildFile; fileRef = 691B4D2C1B3D898400B96C25 /* A_AnimationEnumeration.h */; settings = {ATTRIBUTES = (Public, ); }; };
		691E1BE41BACB0FF00AF7E5D /* RESTRequestTests.m in Sources */ = {isa = PBXBuildFile; fileRef = 691E1BE31BACB0FF00AF7E5D /* RESTRequestTests.m */; };
		695E29DC1BB1D9D3007824A8 /* JSONTests.m in Sources */ = {isa = PBXBuildFile; fileRef = 695E29DB1BB1D9D3007824A8 /* JSONTests.m */; settings = {ASSET_TAGS = (); }; };
		695F39CC1B1FD4A200114443 /* A_Mapper.h in Headers */ = {isa = PBXBuildFile; fileRef = 695F39CA1B1FD4A200114443 /* A_Mapper.h */; settings = {ATTRIBUTES = (Public, ); }; };
		695F39CD1B1FD4A200114443 /* A_Mapper.m in Sources */ = {isa = PBXBuildFile; fileRef = 695F39CB1B1FD4A200114443 /* A_Mapper.m */; };
		69A487F51B252FA00090CD1D /* MappingTests.m in Sources */ = {isa = PBXBuildFile; fileRef = 69A487F41B252FA00090CD1D /* MappingTests.m */; };
		69B75F071B500A26001C069A /* libsqlite3.dylib in Frameworks */ = {isa = PBXBuildFile; fileRef = 2EB2EAC91A38E37800946C51 /* libsqlite3.dylib */; };
		69C028DE1B41065F00800C59 /* CALayer+A_Animation.h in Headers */ = {isa = PBXBuildFile; fileRef = 69C028DA1B41065F00800C59 /* CALayer+A_Animation.h */; settings = {ATTRIBUTES = (Public, ); }; };
		69C028DF1B41065F00800C59 /* CALayer+A_Animation.m in Sources */ = {isa = PBXBuildFile; fileRef = 69C028DB1B41065F00800C59 /* CALayer+A_Animation.m */; };
		69C028E01B41065F00800C59 /* UIView+A_Animation.h in Headers */ = {isa = PBXBuildFile; fileRef = 69C028DC1B41065F00800C59 /* UIView+A_Animation.h */; settings = {ATTRIBUTES = (Public, ); }; };
		69C028E11B41065F00800C59 /* UIView+A_Animation.m in Sources */ = {isa = PBXBuildFile; fileRef = 69C028DD1B41065F00800C59 /* UIView+A_Animation.m */; };
/* End PBXBuildFile section */

/* Begin PBXContainerItemProxy section */
		2E3A8D551AADEF4B00D3A833 /* PBXContainerItemProxy */ = {
			isa = PBXContainerItemProxy;
			containerPortal = 2E11877E1A3750770080FFB9 /* Project object */;
			proxyType = 1;
			remoteGlobalIDString = 2E1187861A3750770080FFB9;
			remoteInfo = A_IOSHelper;
		};
/* End PBXContainerItemProxy section */

/* Begin PBXFileReference section */
		2E0296881B018134005ABADF /* A_TaskHelper.h */ = {isa = PBXFileReference; fileEncoding = 4; lastKnownFileType = sourcecode.c.h; path = A_TaskHelper.h; sourceTree = "<group>"; };
		2E0296891B018134005ABADF /* A_TaskHelper.m */ = {isa = PBXFileReference; fileEncoding = 4; lastKnownFileType = sourcecode.c.objc; path = A_TaskHelper.m; sourceTree = "<group>"; };
		2E02F99E1A4B6D4C00F4EBDE /* A_Datetime.h */ = {isa = PBXFileReference; fileEncoding = 4; lastKnownFileType = sourcecode.c.h; name = A_Datetime.h; path = Datetime/A_Datetime.h; sourceTree = "<group>"; };
		2E02F99F1A4B6D4C00F4EBDE /* A_Datetime.m */ = {isa = PBXFileReference; fileEncoding = 4; lastKnownFileType = sourcecode.c.objc; name = A_Datetime.m; path = Datetime/A_Datetime.m; sourceTree = "<group>"; };
		2E0FD8831AB558FF00C1B828 /* NSString+A_Extension.h */ = {isa = PBXFileReference; fileEncoding = 4; lastKnownFileType = sourcecode.c.h; path = "NSString+A_Extension.h"; sourceTree = "<group>"; };
		2E0FD8841AB558FF00C1B828 /* NSString+A_Extension.m */ = {isa = PBXFileReference; fileEncoding = 4; lastKnownFileType = sourcecode.c.objc; path = "NSString+A_Extension.m"; sourceTree = "<group>"; };
		2E0FD8871AB561AC00C1B828 /* NSDictionary+A_Extension.h */ = {isa = PBXFileReference; fileEncoding = 4; lastKnownFileType = sourcecode.c.h; path = "NSDictionary+A_Extension.h"; sourceTree = "<group>"; };
		2E0FD8881AB561AC00C1B828 /* NSDictionary+A_Extension.m */ = {isa = PBXFileReference; fileEncoding = 4; lastKnownFileType = sourcecode.c.objc; path = "NSDictionary+A_Extension.m"; sourceTree = "<group>"; };
		2E0FD88B1AB561C700C1B828 /* NSArray+A_Extension.h */ = {isa = PBXFileReference; fileEncoding = 4; lastKnownFileType = sourcecode.c.h; path = "NSArray+A_Extension.h"; sourceTree = "<group>"; };
		2E0FD88C1AB561C700C1B828 /* NSArray+A_Extension.m */ = {isa = PBXFileReference; fileEncoding = 4; lastKnownFileType = sourcecode.c.objc; path = "NSArray+A_Extension.m"; sourceTree = "<group>"; };
		2E1187871A3750770080FFB9 /* A_IOSHelper.framework */ = {isa = PBXFileReference; explicitFileType = wrapper.framework; includeInIndex = 0; path = A_IOSHelper.framework; sourceTree = BUILT_PRODUCTS_DIR; };
		2E11878B1A3750770080FFB9 /* Info.plist */ = {isa = PBXFileReference; lastKnownFileType = text.plist.xml; path = Info.plist; sourceTree = "<group>"; };
		2E11878C1A3750770080FFB9 /* A_IOSHelper.h */ = {isa = PBXFileReference; lastKnownFileType = sourcecode.c.h; path = A_IOSHelper.h; sourceTree = "<group>"; };
		2E1187A71A37518F0080FFB9 /* A_JSONHelper.h */ = {isa = PBXFileReference; fileEncoding = 4; lastKnownFileType = sourcecode.c.h; path = A_JSONHelper.h; sourceTree = "<group>"; };
		2E1187A81A37518F0080FFB9 /* A_JSONHelper.m */ = {isa = PBXFileReference; fileEncoding = 4; lastKnownFileType = sourcecode.c.objc; path = A_JSONHelper.m; sourceTree = "<group>"; };
		2E1187AA1A37518F0080FFB9 /* A_RESTRequest.h */ = {isa = PBXFileReference; fileEncoding = 4; lastKnownFileType = sourcecode.c.h; path = A_RESTRequest.h; sourceTree = "<group>"; };
		2E1187AB1A37518F0080FFB9 /* A_RESTRequest.m */ = {isa = PBXFileReference; fileEncoding = 4; lastKnownFileType = sourcecode.c.objc; path = A_RESTRequest.m; sourceTree = "<group>"; };
		2E1187AD1A37518F0080FFB9 /* A_ColorHelper.h */ = {isa = PBXFileReference; fileEncoding = 4; lastKnownFileType = sourcecode.c.h; path = A_ColorHelper.h; sourceTree = "<group>"; };
		2E1187AE1A37518F0080FFB9 /* A_ColorHelper.m */ = {isa = PBXFileReference; fileEncoding = 4; lastKnownFileType = sourcecode.c.objc; path = A_ColorHelper.m; sourceTree = "<group>"; };
		2E1187B01A37518F0080FFB9 /* A_DeviceHelper.h */ = {isa = PBXFileReference; fileEncoding = 4; lastKnownFileType = sourcecode.c.h; path = A_DeviceHelper.h; sourceTree = "<group>"; };
		2E1187B11A37518F0080FFB9 /* A_DeviceHelper.m */ = {isa = PBXFileReference; fileEncoding = 4; lastKnownFileType = sourcecode.c.objc; path = A_DeviceHelper.m; sourceTree = "<group>"; };
		2E1187B31A37518F0080FFB9 /* A_HtmlHelper.h */ = {isa = PBXFileReference; fileEncoding = 4; lastKnownFileType = sourcecode.c.h; path = A_HtmlHelper.h; sourceTree = "<group>"; };
		2E1187B41A37518F0080FFB9 /* A_HtmlHelper.m */ = {isa = PBXFileReference; fileEncoding = 4; lastKnownFileType = sourcecode.c.objc; path = A_HtmlHelper.m; sourceTree = "<group>"; };
		2E1187B61A37518F0080FFB9 /* A_ImageHelper.h */ = {isa = PBXFileReference; fileEncoding = 4; lastKnownFileType = sourcecode.c.h; path = A_ImageHelper.h; sourceTree = "<group>"; };
		2E1187B71A37518F0080FFB9 /* A_ImageHelper.m */ = {isa = PBXFileReference; fileEncoding = 4; lastKnownFileType = sourcecode.c.objc; path = A_ImageHelper.m; sourceTree = "<group>"; };
		2E1187BC1A37518F0080FFB9 /* A_PlistHelper.h */ = {isa = PBXFileReference; fileEncoding = 4; lastKnownFileType = sourcecode.c.h; path = A_PlistHelper.h; sourceTree = "<group>"; };
		2E1187BD1A37518F0080FFB9 /* A_PlistHelper.m */ = {isa = PBXFileReference; fileEncoding = 4; lastKnownFileType = sourcecode.c.objc; path = A_PlistHelper.m; sourceTree = "<group>"; };
		2E1187BF1A37518F0080FFB9 /* A_StringHelper.h */ = {isa = PBXFileReference; fileEncoding = 4; lastKnownFileType = sourcecode.c.h; path = A_StringHelper.h; sourceTree = "<group>"; };
		2E1187C01A37518F0080FFB9 /* A_StringHelper.m */ = {isa = PBXFileReference; fileEncoding = 4; lastKnownFileType = sourcecode.c.objc; path = A_StringHelper.m; sourceTree = "<group>"; };
		2E1C1B0A1ABDE429008E30B2 /* A_SqliteManager.h */ = {isa = PBXFileReference; fileEncoding = 4; lastKnownFileType = sourcecode.c.h; path = A_SqliteManager.h; sourceTree = "<group>"; };
		2E1C1B0B1ABDE429008E30B2 /* A_SqliteManager.m */ = {isa = PBXFileReference; fileEncoding = 4; lastKnownFileType = sourcecode.c.objc; path = A_SqliteManager.m; sourceTree = "<group>"; };
		2E2E9DC41B143CBC001B3AB4 /* UIImageView+A_Extension.h */ = {isa = PBXFileReference; fileEncoding = 4; lastKnownFileType = sourcecode.c.h; name = "UIImageView+A_Extension.h"; path = "UIKitExtension/UIImageView+A_Extension.h"; sourceTree = "<group>"; };
		2E2E9DC51B143CBC001B3AB4 /* UIImageView+A_Extension.m */ = {isa = PBXFileReference; fileEncoding = 4; lastKnownFileType = sourcecode.c.objc; name = "UIImageView+A_Extension.m"; path = "UIKitExtension/UIImageView+A_Extension.m"; sourceTree = "<group>"; };
		2E38302F1AE8817400DFF0F4 /* StoreTests.m */ = {isa = PBXFileReference; fileEncoding = 4; lastKnownFileType = sourcecode.c.objc; path = StoreTests.m; sourceTree = "<group>"; };
		2E3A8D4E1AADEF4B00D3A833 /* A_IOSHelperTests.xctest */ = {isa = PBXFileReference; explicitFileType = wrapper.cfbundle; includeInIndex = 0; path = A_IOSHelperTests.xctest; sourceTree = BUILT_PRODUCTS_DIR; };
		2E3A8D511AADEF4B00D3A833 /* Info.plist */ = {isa = PBXFileReference; lastKnownFileType = text.plist.xml; path = Info.plist; sourceTree = "<group>"; };
		2E3A8D5F1AADF0BB00D3A833 /* DataModelTests.m */ = {isa = PBXFileReference; fileEncoding = 4; lastKnownFileType = sourcecode.c.objc; path = DataModelTests.m; sourceTree = "<group>"; };
		2E3A8D611AADF19C00D3A833 /* TestDataModel.h */ = {isa = PBXFileReference; fileEncoding = 4; lastKnownFileType = sourcecode.c.h; path = TestDataModel.h; sourceTree = "<group>"; };
		2E3A8D621AADF19C00D3A833 /* TestDataModel.m */ = {isa = PBXFileReference; fileEncoding = 4; lastKnownFileType = sourcecode.c.objc; path = TestDataModel.m; sourceTree = "<group>"; };
		2E3A8D6A1AAE58D100D3A833 /* TaskTests.m */ = {isa = PBXFileReference; fileEncoding = 4; lastKnownFileType = sourcecode.c.objc; path = TaskTests.m; sourceTree = "<group>"; };
		2E61F5371B122C27004DE7B2 /* NSMutableArray+A_Extension.h */ = {isa = PBXFileReference; fileEncoding = 4; lastKnownFileType = sourcecode.c.h; path = "NSMutableArray+A_Extension.h"; sourceTree = "<group>"; };
		2E61F5381B122C27004DE7B2 /* NSMutableArray+A_Extension.m */ = {isa = PBXFileReference; fileEncoding = 4; lastKnownFileType = sourcecode.c.objc; path = "NSMutableArray+A_Extension.m"; sourceTree = "<group>"; };
		2E61F53B1B126FF7004DE7B2 /* NSMutableDictionary+A_Extension.h */ = {isa = PBXFileReference; fileEncoding = 4; lastKnownFileType = sourcecode.c.h; path = "NSMutableDictionary+A_Extension.h"; sourceTree = "<group>"; };
		2E61F53C1B126FF7004DE7B2 /* NSMutableDictionary+A_Extension.m */ = {isa = PBXFileReference; fileEncoding = 4; lastKnownFileType = sourcecode.c.objc; path = "NSMutableDictionary+A_Extension.m"; sourceTree = "<group>"; };
		2E61F53F1B12710E004DE7B2 /* CollectionTests.m */ = {isa = PBXFileReference; fileEncoding = 4; lastKnownFileType = sourcecode.c.objc; path = CollectionTests.m; sourceTree = "<group>"; };
		2E61F5411B137A58004DE7B2 /* ColorAndImageTests.m */ = {isa = PBXFileReference; fileEncoding = 4; lastKnownFileType = sourcecode.c.objc; path = ColorAndImageTests.m; sourceTree = "<group>"; };
		2EB099D71AB2A66D00D6DBDC /* QuartzCore.framework */ = {isa = PBXFileReference; lastKnownFileType = wrapper.framework; name = QuartzCore.framework; path = System/Library/Frameworks/QuartzCore.framework; sourceTree = SDKROOT; };
		2EB099DD1AB367D500D6DBDC /* NSDate+A_Extension.h */ = {isa = PBXFileReference; fileEncoding = 4; lastKnownFileType = sourcecode.c.h; name = "NSDate+A_Extension.h"; path = "Datetime/NSDate+A_Extension.h"; sourceTree = "<group>"; };
		2EB099DE1AB367D500D6DBDC /* NSDate+A_Extension.m */ = {isa = PBXFileReference; fileEncoding = 4; lastKnownFileType = sourcecode.c.objc; name = "NSDate+A_Extension.m"; path = "Datetime/NSDate+A_Extension.m"; sourceTree = "<group>"; };
		2EB2EAC31A38DAB500946C51 /* A_Animation.h */ = {isa = PBXFileReference; fileEncoding = 4; lastKnownFileType = sourcecode.c.h; name = A_Animation.h; path = Animation/A_Animation.h; sourceTree = "<group>"; };
		2EB2EAC41A38DAB500946C51 /* A_Animation.m */ = {isa = PBXFileReference; fileEncoding = 4; lastKnownFileType = sourcecode.c.objc; name = A_Animation.m; path = Animation/A_Animation.m; sourceTree = "<group>"; };
		2EB2EAC91A38E37800946C51 /* libsqlite3.dylib */ = {isa = PBXFileReference; lastKnownFileType = "compiled.mach-o.dylib"; name = libsqlite3.dylib; path = usr/lib/libsqlite3.dylib; sourceTree = SDKROOT; };
		2EC4940A1B05B67900B9E8E2 /* NSObject+A_KVO_Extension.h */ = {isa = PBXFileReference; fileEncoding = 4; lastKnownFileType = sourcecode.c.h; name = "NSObject+A_KVO_Extension.h"; path = "KVOHelper/NSObject+A_KVO_Extension.h"; sourceTree = "<group>"; };
		2EC4940B1B05B67900B9E8E2 /* NSObject+A_KVO_Extension.m */ = {isa = PBXFileReference; fileEncoding = 4; lastKnownFileType = sourcecode.c.objc; name = "NSObject+A_KVO_Extension.m"; path = "KVOHelper/NSObject+A_KVO_Extension.m"; sourceTree = "<group>"; };
		2EC4940F1B06569900B9E8E2 /* KVOTests.m */ = {isa = PBXFileReference; fileEncoding = 4; lastKnownFileType = sourcecode.c.objc; path = KVOTests.m; sourceTree = "<group>"; };
		2ECD550B1AB0D334000E9802 /* UIControl+A_Extension.h */ = {isa = PBXFileReference; fileEncoding = 4; lastKnownFileType = sourcecode.c.h; name = "UIControl+A_Extension.h"; path = "UIKitExtension/UIControl+A_Extension.h"; sourceTree = "<group>"; };
		2ECD550C1AB0D334000E9802 /* UIControl+A_Extension.m */ = {isa = PBXFileReference; fileEncoding = 4; lastKnownFileType = sourcecode.c.objc; name = "UIControl+A_Extension.m"; path = "UIKitExtension/UIControl+A_Extension.m"; sourceTree = "<group>"; };
		2ED75E9F1ABA359700B0FB5F /* UIImage+A_Extension.h */ = {isa = PBXFileReference; fileEncoding = 4; lastKnownFileType = sourcecode.c.h; name = "UIImage+A_Extension.h"; path = "UIKitExtension/UIImage+A_Extension.h"; sourceTree = "<group>"; };
		2ED75EA01ABA359700B0FB5F /* UIImage+A_Extension.m */ = {isa = PBXFileReference; fileEncoding = 4; lastKnownFileType = sourcecode.c.objc; name = "UIImage+A_Extension.m"; path = "UIKitExtension/UIImage+A_Extension.m"; sourceTree = "<group>"; };
		2ED75EA71ABB69DE00B0FB5F /* UIColor+A_Extension.h */ = {isa = PBXFileReference; fileEncoding = 4; lastKnownFileType = sourcecode.c.h; name = "UIColor+A_Extension.h"; path = "UIKitExtension/UIColor+A_Extension.h"; sourceTree = "<group>"; };
		2ED75EA81ABB69DE00B0FB5F /* UIColor+A_Extension.m */ = {isa = PBXFileReference; fileEncoding = 4; lastKnownFileType = sourcecode.c.objc; name = "UIColor+A_Extension.m"; path = "UIKitExtension/UIColor+A_Extension.m"; sourceTree = "<group>"; };
		2ED875E41A9A9CFE00D0D62E /* A_DataModel.h */ = {isa = PBXFileReference; fileEncoding = 4; lastKnownFileType = sourcecode.c.h; name = A_DataModel.h; path = DataModel/A_DataModel.h; sourceTree = "<group>"; };
		2ED875E51A9A9CFE00D0D62E /* A_DataModel.m */ = {isa = PBXFileReference; fileEncoding = 4; lastKnownFileType = sourcecode.c.objc; name = A_DataModel.m; path = DataModel/A_DataModel.m; sourceTree = "<group>"; };
		2ED875EA1A9AA1C400D0D62E /* A_Reflection.h */ = {isa = PBXFileReference; fileEncoding = 4; lastKnownFileType = sourcecode.c.h; name = A_Reflection.h; path = Reflection/A_Reflection.h; sourceTree = "<group>"; };
		2ED875EB1A9AA1C400D0D62E /* A_Reflection.m */ = {isa = PBXFileReference; fileEncoding = 4; lastKnownFileType = sourcecode.c.objc; name = A_Reflection.m; path = Reflection/A_Reflection.m; sourceTree = "<group>"; };
		691B4D281B3D88EF00B96C25 /* A_AnimationKeyframeProvider.h */ = {isa = PBXFileReference; fileEncoding = 4; lastKnownFileType = sourcecode.c.h; name = A_AnimationKeyframeProvider.h; path = Animation/A_AnimationKeyframeProvider.h; sourceTree = "<group>"; };
		691B4D291B3D88F000B96C25 /* A_AnimationKeyframeProvider.m */ = {isa = PBXFileReference; fileEncoding = 4; lastKnownFileType = sourcecode.c.objc; name = A_AnimationKeyframeProvider.m; path = Animation/A_AnimationKeyframeProvider.m; sourceTree = "<group>"; };
		691B4D2C1B3D898400B96C25 /* A_AnimationEnumeration.h */ = {isa = PBXFileReference; fileEncoding = 4; lastKnownFileType = sourcecode.c.h; name = A_AnimationEnumeration.h; path = Animation/A_AnimationEnumeration.h; sourceTree = "<group>"; };
		691E1BE31BACB0FF00AF7E5D /* RESTRequestTests.m */ = {isa = PBXFileReference; fileEncoding = 4; lastKnownFileType = sourcecode.c.objc; path = RESTRequestTests.m; sourceTree = "<group>"; };
		695E29DB1BB1D9D3007824A8 /* JSONTests.m */ = {isa = PBXFileReference; fileEncoding = 4; lastKnownFileType = sourcecode.c.objc; path = JSONTests.m; sourceTree = "<group>"; };
		695F39CA1B1FD4A200114443 /* A_Mapper.h */ = {isa = PBXFileReference; fileEncoding = 4; lastKnownFileType = sourcecode.c.h; name = A_Mapper.h; path = Mapping/A_Mapper.h; sourceTree = "<group>"; };
		695F39CB1B1FD4A200114443 /* A_Mapper.m */ = {isa = PBXFileReference; fileEncoding = 4; lastKnownFileType = sourcecode.c.objc; name = A_Mapper.m; path = Mapping/A_Mapper.m; sourceTree = "<group>"; };
		69A487F41B252FA00090CD1D /* MappingTests.m */ = {isa = PBXFileReference; fileEncoding = 4; lastKnownFileType = sourcecode.c.objc; path = MappingTests.m; sourceTree = "<group>"; };
		69B75F051B500A20001C069A /* libsqlite3.0.dylib */ = {isa = PBXFileReference; lastKnownFileType = "compiled.mach-o.dylib"; name = libsqlite3.0.dylib; path = usr/lib/libsqlite3.0.dylib; sourceTree = SDKROOT; };
		69C028DA1B41065F00800C59 /* CALayer+A_Animation.h */ = {isa = PBXFileReference; fileEncoding = 4; lastKnownFileType = sourcecode.c.h; name = "CALayer+A_Animation.h"; path = "Animation/CALayer+A_Animation.h"; sourceTree = "<group>"; };
		69C028DB1B41065F00800C59 /* CALayer+A_Animation.m */ = {isa = PBXFileReference; fileEncoding = 4; lastKnownFileType = sourcecode.c.objc; name = "CALayer+A_Animation.m"; path = "Animation/CALayer+A_Animation.m"; sourceTree = "<group>"; };
		69C028DC1B41065F00800C59 /* UIView+A_Animation.h */ = {isa = PBXFileReference; fileEncoding = 4; lastKnownFileType = sourcecode.c.h; name = "UIView+A_Animation.h"; path = "Animation/UIView+A_Animation.h"; sourceTree = "<group>"; };
		69C028DD1B41065F00800C59 /* UIView+A_Animation.m */ = {isa = PBXFileReference; fileEncoding = 4; lastKnownFileType = sourcecode.c.objc; name = "UIView+A_Animation.m"; path = "Animation/UIView+A_Animation.m"; sourceTree = "<group>"; };
/* End PBXFileReference section */

/* Begin PBXFrameworksBuildPhase section */
		2E1187831A3750770080FFB9 /* Frameworks */ = {
			isa = PBXFrameworksBuildPhase;
			buildActionMask = 2147483647;
			files = (
				69B75F071B500A26001C069A /* libsqlite3.dylib in Frameworks */,
			);
			runOnlyForDeploymentPostprocessing = 0;
		};
		2E3A8D4B1AADEF4B00D3A833 /* Frameworks */ = {
			isa = PBXFrameworksBuildPhase;
			buildActionMask = 2147483647;
			files = (
				2E3A8D541AADEF4B00D3A833 /* A_IOSHelper.framework in Frameworks */,
			);
			runOnlyForDeploymentPostprocessing = 0;
		};
/* End PBXFrameworksBuildPhase section */

/* Begin PBXGroup section */
		2E0296871B018134005ABADF /* Task */ = {
			isa = PBXGroup;
			children = (
				2E0296881B018134005ABADF /* A_TaskHelper.h */,
				2E0296891B018134005ABADF /* A_TaskHelper.m */,
			);
			path = Task;
			sourceTree = "<group>";
		};
		2E02F99B1A4B6AA400F4EBDE /* Datatime */ = {
			isa = PBXGroup;
			children = (
				2E02F99E1A4B6D4C00F4EBDE /* A_Datetime.h */,
				2E02F99F1A4B6D4C00F4EBDE /* A_Datetime.m */,
				2EB099DD1AB367D500D6DBDC /* NSDate+A_Extension.h */,
				2EB099DE1AB367D500D6DBDC /* NSDate+A_Extension.m */,
			);
			name = Datatime;
			sourceTree = "<group>";
		};
		2E11877D1A3750770080FFB9 = {
			isa = PBXGroup;
			children = (
				2E1187891A3750770080FFB9 /* A_IOSHelper */,
				2E3A8D4F1AADEF4B00D3A833 /* A_IOSHelperTests */,
				2EB2EACB1A38E38100946C51 /* Frameworks */,
				2E1187881A3750770080FFB9 /* Products */,
			);
			sourceTree = "<group>";
		};
		2E1187881A3750770080FFB9 /* Products */ = {
			isa = PBXGroup;
			children = (
				2E1187871A3750770080FFB9 /* A_IOSHelper.framework */,
				2E3A8D4E1AADEF4B00D3A833 /* A_IOSHelperTests.xctest */,
			);
			name = Products;
			sourceTree = "<group>";
		};
		2E1187891A3750770080FFB9 /* A_IOSHelper */ = {
			isa = PBXGroup;
			children = (
				2EC4940E1B05B67E00B9E8E2 /* KVOHelper */,
				2E1C1B091ABDE429008E30B2 /* SqliteHelper */,
				2ECD550F1AB0D338000E9802 /* UIKItExtension */,
				2E0296871B018134005ABADF /* Task */,
				2ED875E81A9AA18500D0D62E /* Reflection */,
				2ED875E31A9A9CD500D0D62E /* DataModel */,
				2E02F99B1A4B6AA400F4EBDE /* Datatime */,
				2EB2EAC71A38DABD00946C51 /* Animation */,
				695F39C51B1FD1BC00114443 /* Mapping */,
				2E1187A31A37518F0080FFB9 /* Collection */,
				2E1187A61A37518F0080FFB9 /* JSONHelper */,
				2E1187A91A37518F0080FFB9 /* RESTRequest */,
				2E1187AC1A37518F0080FFB9 /* Color */,
				2E1187AF1A37518F0080FFB9 /* Device */,
				2E1187B21A37518F0080FFB9 /* Html */,
				2E1187B51A37518F0080FFB9 /* Image */,
				2E1187BB1A37518F0080FFB9 /* StoreDatafile */,
				2E1187BE1A37518F0080FFB9 /* String */,
				2E11878C1A3750770080FFB9 /* A_IOSHelper.h */,
				2E11878A1A3750770080FFB9 /* Supporting Files */,
			);
			path = A_IOSHelper;
			sourceTree = "<group>";
		};
		2E11878A1A3750770080FFB9 /* Supporting Files */ = {
			isa = PBXGroup;
			children = (
				2E11878B1A3750770080FFB9 /* Info.plist */,
			);
			name = "Supporting Files";
			sourceTree = "<group>";
		};
		2E1187A31A37518F0080FFB9 /* Collection */ = {
			isa = PBXGroup;
			children = (
				2E0FD8871AB561AC00C1B828 /* NSDictionary+A_Extension.h */,
				2E0FD8881AB561AC00C1B828 /* NSDictionary+A_Extension.m */,
				2E0FD88B1AB561C700C1B828 /* NSArray+A_Extension.h */,
				2E0FD88C1AB561C700C1B828 /* NSArray+A_Extension.m */,
				2E61F5371B122C27004DE7B2 /* NSMutableArray+A_Extension.h */,
				2E61F5381B122C27004DE7B2 /* NSMutableArray+A_Extension.m */,
				2E61F53B1B126FF7004DE7B2 /* NSMutableDictionary+A_Extension.h */,
				2E61F53C1B126FF7004DE7B2 /* NSMutableDictionary+A_Extension.m */,
			);
			path = Collection;
			sourceTree = "<group>";
		};
		2E1187A61A37518F0080FFB9 /* JSONHelper */ = {
			isa = PBXGroup;
			children = (
				2E1187A71A37518F0080FFB9 /* A_JSONHelper.h */,
				2E1187A81A37518F0080FFB9 /* A_JSONHelper.m */,
			);
			path = JSONHelper;
			sourceTree = "<group>";
		};
		2E1187A91A37518F0080FFB9 /* RESTRequest */ = {
			isa = PBXGroup;
			children = (
				2E1187AA1A37518F0080FFB9 /* A_RESTRequest.h */,
				2E1187AB1A37518F0080FFB9 /* A_RESTRequest.m */,
			);
			path = RESTRequest;
			sourceTree = "<group>";
		};
		2E1187AC1A37518F0080FFB9 /* Color */ = {
			isa = PBXGroup;
			children = (
				2E1187AD1A37518F0080FFB9 /* A_ColorHelper.h */,
				2E1187AE1A37518F0080FFB9 /* A_ColorHelper.m */,
			);
			path = Color;
			sourceTree = "<group>";
		};
		2E1187AF1A37518F0080FFB9 /* Device */ = {
			isa = PBXGroup;
			children = (
				2E1187B01A37518F0080FFB9 /* A_DeviceHelper.h */,
				2E1187B11A37518F0080FFB9 /* A_DeviceHelper.m */,
			);
			path = Device;
			sourceTree = "<group>";
		};
		2E1187B21A37518F0080FFB9 /* Html */ = {
			isa = PBXGroup;
			children = (
				2E1187B31A37518F0080FFB9 /* A_HtmlHelper.h */,
				2E1187B41A37518F0080FFB9 /* A_HtmlHelper.m */,
			);
			path = Html;
			sourceTree = "<group>";
		};
		2E1187B51A37518F0080FFB9 /* Image */ = {
			isa = PBXGroup;
			children = (
				2E1187B61A37518F0080FFB9 /* A_ImageHelper.h */,
				2E1187B71A37518F0080FFB9 /* A_ImageHelper.m */,
			);
			path = Image;
			sourceTree = "<group>";
		};
		2E1187BB1A37518F0080FFB9 /* StoreDatafile */ = {
			isa = PBXGroup;
			children = (
				2E1187BC1A37518F0080FFB9 /* A_PlistHelper.h */,
				2E1187BD1A37518F0080FFB9 /* A_PlistHelper.m */,
			);
			path = StoreDatafile;
			sourceTree = "<group>";
		};
		2E1187BE1A37518F0080FFB9 /* String */ = {
			isa = PBXGroup;
			children = (
				2E1187BF1A37518F0080FFB9 /* A_StringHelper.h */,
				2E1187C01A37518F0080FFB9 /* A_StringHelper.m */,
				2E0FD8831AB558FF00C1B828 /* NSString+A_Extension.h */,
				2E0FD8841AB558FF00C1B828 /* NSString+A_Extension.m */,
			);
			path = String;
			sourceTree = "<group>";
		};
		2E1C1B091ABDE429008E30B2 /* SqliteHelper */ = {
			isa = PBXGroup;
			children = (
				2E1C1B0A1ABDE429008E30B2 /* A_SqliteManager.h */,
				2E1C1B0B1ABDE429008E30B2 /* A_SqliteManager.m */,
			);
			path = SqliteHelper;
			sourceTree = "<group>";
		};
		2E3A8D4F1AADEF4B00D3A833 /* A_IOSHelperTests */ = {
			isa = PBXGroup;
			children = (
				2E61F53F1B12710E004DE7B2 /* CollectionTests.m */,
				2E3A8D6A1AAE58D100D3A833 /* TaskTests.m */,
				2E3A8D611AADF19C00D3A833 /* TestDataModel.h */,
				2E3A8D621AADF19C00D3A833 /* TestDataModel.m */,
				2E61F5411B137A58004DE7B2 /* ColorAndImageTests.m */,
				2E3A8D5F1AADF0BB00D3A833 /* DataModelTests.m */,
				2E38302F1AE8817400DFF0F4 /* StoreTests.m */,
				2EC4940F1B06569900B9E8E2 /* KVOTests.m */,
				69A487F41B252FA00090CD1D /* MappingTests.m */,
				695E29DB1BB1D9D3007824A8 /* JSONTests.m */,
				691E1BE31BACB0FF00AF7E5D /* RESTRequestTests.m */,
				2E3A8D501AADEF4B00D3A833 /* Supporting Files */,
			);
			path = A_IOSHelperTests;
			sourceTree = "<group>";
		};
		2E3A8D501AADEF4B00D3A833 /* Supporting Files */ = {
			isa = PBXGroup;
			children = (
				2E3A8D511AADEF4B00D3A833 /* Info.plist */,
			);
			name = "Supporting Files";
			sourceTree = "<group>";
		};
		2EB2EAC71A38DABD00946C51 /* Animation */ = {
			isa = PBXGroup;
			children = (
				69C028DA1B41065F00800C59 /* CALayer+A_Animation.h */,
				69C028DB1B41065F00800C59 /* CALayer+A_Animation.m */,
				69C028DC1B41065F00800C59 /* UIView+A_Animation.h */,
				69C028DD1B41065F00800C59 /* UIView+A_Animation.m */,
				2EB2EAC31A38DAB500946C51 /* A_Animation.h */,
				2EB2EAC41A38DAB500946C51 /* A_Animation.m */,
				691B4D281B3D88EF00B96C25 /* A_AnimationKeyframeProvider.h */,
				691B4D291B3D88F000B96C25 /* A_AnimationKeyframeProvider.m */,
				691B4D2C1B3D898400B96C25 /* A_AnimationEnumeration.h */,
			);
			name = Animation;
			sourceTree = "<group>";
		};
		2EB2EACB1A38E38100946C51 /* Frameworks */ = {
			isa = PBXGroup;
			children = (
				69B75F051B500A20001C069A /* libsqlite3.0.dylib */,
				2EB099D71AB2A66D00D6DBDC /* QuartzCore.framework */,
				2EB2EAC91A38E37800946C51 /* libsqlite3.dylib */,
			);
			name = Frameworks;
			sourceTree = "<group>";
		};
		2EC4940E1B05B67E00B9E8E2 /* KVOHelper */ = {
			isa = PBXGroup;
			children = (
				2EC4940A1B05B67900B9E8E2 /* NSObject+A_KVO_Extension.h */,
				2EC4940B1B05B67900B9E8E2 /* NSObject+A_KVO_Extension.m */,
			);
			name = KVOHelper;
			sourceTree = "<group>";
		};
		2ECD550F1AB0D338000E9802 /* UIKItExtension */ = {
			isa = PBXGroup;
			children = (
				2ECD550B1AB0D334000E9802 /* UIControl+A_Extension.h */,
				2ECD550C1AB0D334000E9802 /* UIControl+A_Extension.m */,
				2ED75EA71ABB69DE00B0FB5F /* UIColor+A_Extension.h */,
				2ED75EA81ABB69DE00B0FB5F /* UIColor+A_Extension.m */,
				2ED75E9F1ABA359700B0FB5F /* UIImage+A_Extension.h */,
				2ED75EA01ABA359700B0FB5F /* UIImage+A_Extension.m */,
				2E2E9DC41B143CBC001B3AB4 /* UIImageView+A_Extension.h */,
				2E2E9DC51B143CBC001B3AB4 /* UIImageView+A_Extension.m */,
			);
			name = UIKItExtension;
			sourceTree = "<group>";
		};
		2ED875E31A9A9CD500D0D62E /* DataModel */ = {
			isa = PBXGroup;
			children = (
				2ED875E41A9A9CFE00D0D62E /* A_DataModel.h */,
				2ED875E51A9A9CFE00D0D62E /* A_DataModel.m */,
			);
			name = DataModel;
			sourceTree = "<group>";
		};
		2ED875E81A9AA18500D0D62E /* Reflection */ = {
			isa = PBXGroup;
			children = (
				2ED875EA1A9AA1C400D0D62E /* A_Reflection.h */,
				2ED875EB1A9AA1C400D0D62E /* A_Reflection.m */,
			);
			name = Reflection;
			sourceTree = "<group>";
		};
		695F39C51B1FD1BC00114443 /* Mapping */ = {
			isa = PBXGroup;
			children = (
				695F39CA1B1FD4A200114443 /* A_Mapper.h */,
				695F39CB1B1FD4A200114443 /* A_Mapper.m */,
			);
			name = Mapping;
			sourceTree = "<group>";
		};
/* End PBXGroup section */

/* Begin PBXHeadersBuildPhase section */
		2E1187841A3750770080FFB9 /* Headers */ = {
			isa = PBXHeadersBuildPhase;
			buildActionMask = 2147483647;
			files = (
				2E1187CD1A37518F0080FFB9 /* A_ImageHelper.h in Headers */,
				2E1187C91A37518F0080FFB9 /* A_DeviceHelper.h in Headers */,
				2E1187D31A37518F0080FFB9 /* A_StringHelper.h in Headers */,
				2E1187C51A37518F0080FFB9 /* A_RESTRequest.h in Headers */,
				2E1187D11A37518F0080FFB9 /* A_PlistHelper.h in Headers */,
				2E1187CB1A37518F0080FFB9 /* A_HtmlHelper.h in Headers */,
				2EB2EAC51A38DAB500946C51 /* A_Animation.h in Headers */,
				2E1187C71A37518F0080FFB9 /* A_ColorHelper.h in Headers */,
				2E11878D1A3750770080FFB9 /* A_IOSHelper.h in Headers */,
				2ED875EC1A9AA1C400D0D62E /* A_Reflection.h in Headers */,
				2ED875E61A9A9CFE00D0D62E /* A_DataModel.h in Headers */,
				2E1187C31A37518F0080FFB9 /* A_JSONHelper.h in Headers */,
				2E02F9A01A4B6D4C00F4EBDE /* A_Datetime.h in Headers */,
				2E0FD8891AB561AC00C1B828 /* NSDictionary+A_Extension.h in Headers */,
				2E0FD8851AB558FF00C1B828 /* NSString+A_Extension.h in Headers */,
				2E0FD88D1AB561C700C1B828 /* NSArray+A_Extension.h in Headers */,
				2ECD550D1AB0D334000E9802 /* UIControl+A_Extension.h in Headers */,
				2ED75EA11ABA359700B0FB5F /* UIImage+A_Extension.h in Headers */,
				2E2E9DC61B143CBC001B3AB4 /* UIImageView+A_Extension.h in Headers */,
				2EB099DF1AB367D500D6DBDC /* NSDate+A_Extension.h in Headers */,
				2ED75EA91ABB69DE00B0FB5F /* UIColor+A_Extension.h in Headers */,
				2E02968A1B018134005ABADF /* A_TaskHelper.h in Headers */,
				2E61F53D1B126FF7004DE7B2 /* NSMutableDictionary+A_Extension.h in Headers */,
				2E61F5391B122C27004DE7B2 /* NSMutableArray+A_Extension.h in Headers */,
				695F39CC1B1FD4A200114443 /* A_Mapper.h in Headers */,
				691B4D2A1B3D88F000B96C25 /* A_AnimationKeyframeProvider.h in Headers */,
				691B4D2E1B3D898400B96C25 /* A_AnimationEnumeration.h in Headers */,
				2EC4940C1B05B67900B9E8E2 /* NSObject+A_KVO_Extension.h in Headers */,
				2E1C1B0C1ABDE429008E30B2 /* A_SqliteManager.h in Headers */,
				69C028E01B41065F00800C59 /* UIView+A_Animation.h in Headers */,
				69C028DE1B41065F00800C59 /* CALayer+A_Animation.h in Headers */,
			);
			runOnlyForDeploymentPostprocessing = 0;
		};
/* End PBXHeadersBuildPhase section */

/* Begin PBXNativeTarget section */
		2E1187861A3750770080FFB9 /* A_IOSHelper */ = {
			isa = PBXNativeTarget;
			buildConfigurationList = 2E11879D1A3750770080FFB9 /* Build configuration list for PBXNativeTarget "A_IOSHelper" */;
			buildPhases = (
				2E1187821A3750770080FFB9 /* Sources */,
				2E1187831A3750770080FFB9 /* Frameworks */,
				2E1187841A3750770080FFB9 /* Headers */,
				2E1187851A3750770080FFB9 /* Resources */,
			);
			buildRules = (
			);
			dependencies = (
			);
			name = A_IOSHelper;
			productName = A_IOSHelper;
			productReference = 2E1187871A3750770080FFB9 /* A_IOSHelper.framework */;
			productType = "com.apple.product-type.framework";
		};
		2E3A8D4D1AADEF4B00D3A833 /* A_IOSHelperTests */ = {
			isa = PBXNativeTarget;
			buildConfigurationList = 2E3A8D591AADEF4B00D3A833 /* Build configuration list for PBXNativeTarget "A_IOSHelperTests" */;
			buildPhases = (
				2E3A8D4A1AADEF4B00D3A833 /* Sources */,
				2E3A8D4B1AADEF4B00D3A833 /* Frameworks */,
				2E3A8D4C1AADEF4B00D3A833 /* Resources */,
			);
			buildRules = (
			);
			dependencies = (
				2E3A8D561AADEF4B00D3A833 /* PBXTargetDependency */,
			);
			name = A_IOSHelperTests;
			productName = A_IOSHelperTests;
			productReference = 2E3A8D4E1AADEF4B00D3A833 /* A_IOSHelperTests.xctest */;
			productType = "com.apple.product-type.bundle.unit-test";
		};
/* End PBXNativeTarget section */

/* Begin PBXProject section */
		2E11877E1A3750770080FFB9 /* Project object */ = {
			isa = PBXProject;
			attributes = {
				LastUpgradeCheck = 0610;
				ORGANIZATIONNAME = AnimaxDeng;
				TargetAttributes = {
					2E1187861A3750770080FFB9 = {
						CreatedOnToolsVersion = 6.1.1;
					};
					2E3A8D4D1AADEF4B00D3A833 = {
						CreatedOnToolsVersion = 6.1.1;
					};
				};
			};
			buildConfigurationList = 2E1187811A3750770080FFB9 /* Build configuration list for PBXProject "A_IOSHelper" */;
			compatibilityVersion = "Xcode 3.2";
			developmentRegion = English;
			hasScannedForEncodings = 0;
			knownRegions = (
				en,
			);
			mainGroup = 2E11877D1A3750770080FFB9;
			productRefGroup = 2E1187881A3750770080FFB9 /* Products */;
			projectDirPath = "";
			projectRoot = "";
			targets = (
				2E1187861A3750770080FFB9 /* A_IOSHelper */,
				2E3A8D4D1AADEF4B00D3A833 /* A_IOSHelperTests */,
			);
		};
/* End PBXProject section */

/* Begin PBXResourcesBuildPhase section */
		2E1187851A3750770080FFB9 /* Resources */ = {
			isa = PBXResourcesBuildPhase;
			buildActionMask = 2147483647;
			files = (
			);
			runOnlyForDeploymentPostprocessing = 0;
		};
		2E3A8D4C1AADEF4B00D3A833 /* Resources */ = {
			isa = PBXResourcesBuildPhase;
			buildActionMask = 2147483647;
			files = (
			);
			runOnlyForDeploymentPostprocessing = 0;
		};
/* End PBXResourcesBuildPhase section */

/* Begin PBXSourcesBuildPhase section */
		2E1187821A3750770080FFB9 /* Sources */ = {
			isa = PBXSourcesBuildPhase;
			buildActionMask = 2147483647;
			files = (
				2E0FD88A1AB561AC00C1B828 /* NSDictionary+A_Extension.m in Sources */,
				2E61F53A1B122C27004DE7B2 /* NSMutableArray+A_Extension.m in Sources */,
				2E1187D21A37518F0080FFB9 /* A_PlistHelper.m in Sources */,
				2E1187CE1A37518F0080FFB9 /* A_ImageHelper.m in Sources */,
				2E1C1B0D1ABDE429008E30B2 /* A_SqliteManager.m in Sources */,
				2E1187D41A37518F0080FFB9 /* A_StringHelper.m in Sources */,
				695F39CD1B1FD4A200114443 /* A_Mapper.m in Sources */,
				2E1187CA1A37518F0080FFB9 /* A_DeviceHelper.m in Sources */,
				2ED875ED1A9AA1C400D0D62E /* A_Reflection.m in Sources */,
				2E0FD8861AB558FF00C1B828 /* NSString+A_Extension.m in Sources */,
				2E1187C61A37518F0080FFB9 /* A_RESTRequest.m in Sources */,
				2ED75EAA1ABB69DE00B0FB5F /* UIColor+A_Extension.m in Sources */,
				2E1187CC1A37518F0080FFB9 /* A_HtmlHelper.m in Sources */,
				2EB099E01AB367D500D6DBDC /* NSDate+A_Extension.m in Sources */,
				2EC4940D1B05B67900B9E8E2 /* NSObject+A_KVO_Extension.m in Sources */,
				69C028DF1B41065F00800C59 /* CALayer+A_Animation.m in Sources */,
				2ECD550E1AB0D334000E9802 /* UIControl+A_Extension.m in Sources */,
				2E61F53E1B126FF7004DE7B2 /* NSMutableDictionary+A_Extension.m in Sources */,
				2EB2EAC61A38DAB500946C51 /* A_Animation.m in Sources */,
				2ED875E71A9A9CFE00D0D62E /* A_DataModel.m in Sources */,
				2ED75EA21ABA359700B0FB5F /* UIImage+A_Extension.m in Sources */,
				2E1187C81A37518F0080FFB9 /* A_ColorHelper.m in Sources */,
				691B4D2B1B3D88F000B96C25 /* A_AnimationKeyframeProvider.m in Sources */,
				2E1187C41A37518F0080FFB9 /* A_JSONHelper.m in Sources */,
				2E2E9DC71B143CBC001B3AB4 /* UIImageView+A_Extension.m in Sources */,
				2E0FD88E1AB561C700C1B828 /* NSArray+A_Extension.m in Sources */,
				2E02968B1B018134005ABADF /* A_TaskHelper.m in Sources */,
				2E02F9A11A4B6D4C00F4EBDE /* A_Datetime.m in Sources */,
				69C028E11B41065F00800C59 /* UIView+A_Animation.m in Sources */,
			);
			runOnlyForDeploymentPostprocessing = 0;
		};
		2E3A8D4A1AADEF4B00D3A833 /* Sources */ = {
			isa = PBXSourcesBuildPhase;
			buildActionMask = 2147483647;
			files = (
				69A487F51B252FA00090CD1D /* MappingTests.m in Sources */,
				2E3830301AE8817400DFF0F4 /* StoreTests.m in Sources */,
				2E61F5401B12710E004DE7B2 /* CollectionTests.m in Sources */,
				695E29DC1BB1D9D3007824A8 /* JSONTests.m in Sources */,
				2E3A8D631AADF19C00D3A833 /* TestDataModel.m in Sources */,
				2EC494101B06569900B9E8E2 /* KVOTests.m in Sources */,
				691E1BE41BACB0FF00AF7E5D /* RESTRequestTests.m in Sources */,
				2E3A8D6B1AAE58D100D3A833 /* TaskTests.m in Sources */,
				2E61F5421B137A58004DE7B2 /* ColorAndImageTests.m in Sources */,
				2E3A8D601AADF0BB00D3A833 /* DataModelTests.m in Sources */,
			);
			runOnlyForDeploymentPostprocessing = 0;
		};
/* End PBXSourcesBuildPhase section */

/* Begin PBXTargetDependency section */
		2E3A8D561AADEF4B00D3A833 /* PBXTargetDependency */ = {
			isa = PBXTargetDependency;
			target = 2E1187861A3750770080FFB9 /* A_IOSHelper */;
			targetProxy = 2E3A8D551AADEF4B00D3A833 /* PBXContainerItemProxy */;
		};
/* End PBXTargetDependency section */

/* Begin XCBuildConfiguration section */
		2E11879B1A3750770080FFB9 /* Debug */ = {
			isa = XCBuildConfiguration;
			buildSettings = {
				ALWAYS_SEARCH_USER_PATHS = NO;
				CLANG_CXX_LANGUAGE_STANDARD = "gnu++0x";
				CLANG_CXX_LIBRARY = "libc++";
				CLANG_ENABLE_MODULES = YES;
				CLANG_ENABLE_OBJC_ARC = YES;
				CLANG_WARN_BOOL_CONVERSION = YES;
				CLANG_WARN_CONSTANT_CONVERSION = YES;
				CLANG_WARN_DIRECT_OBJC_ISA_USAGE = YES_ERROR;
				CLANG_WARN_EMPTY_BODY = YES;
				CLANG_WARN_ENUM_CONVERSION = YES;
				CLANG_WARN_INT_CONVERSION = YES;
				CLANG_WARN_OBJC_ROOT_CLASS = YES_ERROR;
				CLANG_WARN_UNREACHABLE_CODE = YES;
				CLANG_WARN__DUPLICATE_METHOD_MATCH = YES;
				"CODE_SIGN_IDENTITY[sdk=iphoneos*]" = "iPhone Developer";
				COPY_PHASE_STRIP = NO;
				CURRENT_PROJECT_VERSION = 1;
				ENABLE_STRICT_OBJC_MSGSEND = YES;
				GCC_C_LANGUAGE_STANDARD = gnu99;
				GCC_DYNAMIC_NO_PIC = NO;
				GCC_OPTIMIZATION_LEVEL = 0;
				GCC_PREPROCESSOR_DEFINITIONS = (
					"DEBUG=1",
					"$(inherited)",
				);
				GCC_SYMBOLS_PRIVATE_EXTERN = NO;
				GCC_WARN_64_TO_32_BIT_CONVERSION = YES;
				GCC_WARN_ABOUT_RETURN_TYPE = YES_ERROR;
				GCC_WARN_UNDECLARED_SELECTOR = YES;
				GCC_WARN_UNINITIALIZED_AUTOS = YES_AGGRESSIVE;
				GCC_WARN_UNUSED_FUNCTION = YES;
				GCC_WARN_UNUSED_VARIABLE = YES;
				IPHONEOS_DEPLOYMENT_TARGET = 6.0;
				MTL_ENABLE_DEBUG_INFO = YES;
				ONLY_ACTIVE_ARCH = YES;
				SDKROOT = iphoneos;
				TARGETED_DEVICE_FAMILY = "1,2";
				VERSIONING_SYSTEM = "apple-generic";
				VERSION_INFO_PREFIX = "";
			};
			name = Debug;
		};
		2E11879C1A3750770080FFB9 /* Release */ = {
			isa = XCBuildConfiguration;
			buildSettings = {
				ALWAYS_SEARCH_USER_PATHS = NO;
				CLANG_CXX_LANGUAGE_STANDARD = "gnu++0x";
				CLANG_CXX_LIBRARY = "libc++";
				CLANG_ENABLE_MODULES = YES;
				CLANG_ENABLE_OBJC_ARC = YES;
				CLANG_WARN_BOOL_CONVERSION = YES;
				CLANG_WARN_CONSTANT_CONVERSION = YES;
				CLANG_WARN_DIRECT_OBJC_ISA_USAGE = YES_ERROR;
				CLANG_WARN_EMPTY_BODY = YES;
				CLANG_WARN_ENUM_CONVERSION = YES;
				CLANG_WARN_INT_CONVERSION = YES;
				CLANG_WARN_OBJC_ROOT_CLASS = YES_ERROR;
				CLANG_WARN_UNREACHABLE_CODE = YES;
				CLANG_WARN__DUPLICATE_METHOD_MATCH = YES;
				"CODE_SIGN_IDENTITY[sdk=iphoneos*]" = "iPhone Developer";
				COPY_PHASE_STRIP = YES;
				CURRENT_PROJECT_VERSION = 1;
				ENABLE_NS_ASSERTIONS = NO;
				ENABLE_STRICT_OBJC_MSGSEND = YES;
				GCC_C_LANGUAGE_STANDARD = gnu99;
				GCC_WARN_64_TO_32_BIT_CONVERSION = YES;
				GCC_WARN_ABOUT_RETURN_TYPE = YES_ERROR;
				GCC_WARN_UNDECLARED_SELECTOR = YES;
				GCC_WARN_UNINITIALIZED_AUTOS = YES_AGGRESSIVE;
				GCC_WARN_UNUSED_FUNCTION = YES;
				GCC_WARN_UNUSED_VARIABLE = YES;
				IPHONEOS_DEPLOYMENT_TARGET = 6.0;
				MTL_ENABLE_DEBUG_INFO = NO;
				SDKROOT = iphoneos;
				TARGETED_DEVICE_FAMILY = "1,2";
				VALIDATE_PRODUCT = YES;
				VERSIONING_SYSTEM = "apple-generic";
				VERSION_INFO_PREFIX = "";
			};
			name = Release;
		};
		2E11879E1A3750770080FFB9 /* Debug */ = {
			isa = XCBuildConfiguration;
			buildSettings = {
				ARCHS = (
					"$(ARCHS_STANDARD)",
					"$(ARCHS_STANDARD_INCLUDING_64_BIT)",
				);
				CLANG_ENABLE_MODULES = YES;
				DEFINES_MODULE = YES;
				DYLIB_COMPATIBILITY_VERSION = 1;
				DYLIB_CURRENT_VERSION = 1;
				DYLIB_INSTALL_NAME_BASE = "@rpath";
				INFOPLIST_FILE = A_IOSHelper/Info.plist;
				INSTALL_PATH = "$(LOCAL_LIBRARY_DIR)/Frameworks";
				LD_RUNPATH_SEARCH_PATHS = "$(inherited) @executable_path/Frameworks @loader_path/Frameworks";
				ONLY_ACTIVE_ARCH = NO;
				OTHER_LDFLAGS = "${inherited}";
				PRODUCT_NAME = "$(TARGET_NAME)";
				SKIP_INSTALL = YES;
				SWIFT_OPTIMIZATION_LEVEL = "-Onone";
			};
			name = Debug;
		};
		2E11879F1A3750770080FFB9 /* Release */ = {
			isa = XCBuildConfiguration;
			buildSettings = {
				ARCHS = (
					"$(ARCHS_STANDARD)",
					"$(ARCHS_STANDARD_INCLUDING_64_BIT)",
				);
				CLANG_ENABLE_MODULES = YES;
				DEFINES_MODULE = YES;
				DYLIB_COMPATIBILITY_VERSION = 1;
				DYLIB_CURRENT_VERSION = 1;
				DYLIB_INSTALL_NAME_BASE = "@rpath";
				INFOPLIST_FILE = A_IOSHelper/Info.plist;
				INSTALL_PATH = "$(LOCAL_LIBRARY_DIR)/Frameworks";
				LD_RUNPATH_SEARCH_PATHS = "$(inherited) @executable_path/Frameworks @loader_path/Frameworks";
				ONLY_ACTIVE_ARCH = NO;
				OTHER_LDFLAGS = "${inherited}";
				PRODUCT_NAME = "$(TARGET_NAME)";
				SKIP_INSTALL = YES;
			};
			name = Release;
		};
		2E3A8D571AADEF4B00D3A833 /* Debug */ = {
			isa = XCBuildConfiguration;
			buildSettings = {
				FRAMEWORK_SEARCH_PATHS = (
					"$(SDKROOT)/Developer/Library/Frameworks",
					"$(inherited)",
				);
				FRAMEWORK_VERSION = A;
				GCC_PREPROCESSOR_DEFINITIONS = (
					"DEBUG=1",
					"$(inherited)",
				);
				INFOPLIST_FILE = A_IOSHelperTests/Info.plist;
				IPHONEOS_DEPLOYMENT_TARGET = 8.1;
				LD_RUNPATH_SEARCH_PATHS = "$(inherited) @executable_path/Frameworks @loader_path/Frameworks";
				PRODUCT_NAME = "$(TARGET_NAME)";
			};
			name = Debug;
		};
		2E3A8D581AADEF4B00D3A833 /* Release */ = {
			isa = XCBuildConfiguration;
			buildSettings = {
				FRAMEWORK_SEARCH_PATHS = (
					"$(SDKROOT)/Developer/Library/Frameworks",
					"$(inherited)",
				);
				FRAMEWORK_VERSION = A;
				INFOPLIST_FILE = A_IOSHelperTests/Info.plist;
				IPHONEOS_DEPLOYMENT_TARGET = 8.1;
				LD_RUNPATH_SEARCH_PATHS = "$(inherited) @executable_path/Frameworks @loader_path/Frameworks";
				PRODUCT_NAME = "$(TARGET_NAME)";
			};
			name = Release;
		};
/* End XCBuildConfiguration section */

/* Begin XCConfigurationList section */
		2E1187811A3750770080FFB9 /* Build configuration list for PBXProject "A_IOSHelper" */ = {
			isa = XCConfigurationList;
			buildConfigurations = (
				2E11879B1A3750770080FFB9 /* Debug */,
				2E11879C1A3750770080FFB9 /* Release */,
			);
			defaultConfigurationIsVisible = 0;
			defaultConfigurationName = Release;
		};
		2E11879D1A3750770080FFB9 /* Build configuration list for PBXNativeTarget "A_IOSHelper" */ = {
			isa = XCConfigurationList;
			buildConfigurations = (
				2E11879E1A3750770080FFB9 /* Debug */,
				2E11879F1A3750770080FFB9 /* Release */,
			);
			defaultConfigurationIsVisible = 0;
			defaultConfigurationName = Release;
		};
		2E3A8D591AADEF4B00D3A833 /* Build configuration list for PBXNativeTarget "A_IOSHelperTests" */ = {
			isa = XCConfigurationList;
			buildConfigurations = (
				2E3A8D571AADEF4B00D3A833 /* Debug */,
				2E3A8D581AADEF4B00D3A833 /* Release */,
			);
			defaultConfigurationIsVisible = 0;
			defaultConfigurationName = Release;
		};
/* End XCConfigurationList section */
	};
	rootObject = 2E11877E1A3750770080FFB9 /* Project object */;
}
